
Microsoft Visual Studio Solution File, Format Version 12.00
# Visual Studio 15
VisualStudioVersion = 15.0.27703.2042
MinimumVisualStudioVersion = 10.0.40219.1
Project("{FAE04EC0-301F-11D3-BF4B-00C04F79EFBC}") = "KralilanProject.BLL", "BLL\KralilanProject.BLL.csproj", "{A32707C6-4CE5-40FB-8E0B-484DF6AAB005}"
EndProject
Project("{FAE04EC0-301F-11D3-BF4B-00C04F79EFBC}") = "KralilanProject.PL", "PL\KralilanProject.PL.csproj", "{89ECA242-8E93-443D-A342-83C112A54BAD}"
EndProject
Project("{FAE04EC0-301F-11D3-BF4B-00C04F79EFBC}") = "KralilanProject.DAL", "DAL\KralilanProject.DAL.csproj", "{1263822A-E357-4F74-8234-D71262C31EAC}"
EndProject
Project("{FAE04EC0-301F-11D3-BF4B-00C04F79EFBC}") = "KralilanProject.TEST", "TEST\KralilanProject.TEST.csproj", "{3418A3DE-19EA-409D-85CF-3839A7A33F22}"
EndProject
Project("{FAE04EC0-301F-11D3-BF4B-00C04F79EFBC}") = "KralilanProject.Interfaces", "KralilanProject.Interfaces\KralilanProject.Interfaces.csproj", "{51E1EDD6-4053-4C35-8E25-DBF966C0968A}"
EndProject
Project("{FAE04EC0-301F-11D3-BF4B-00C04F79EFBC}") = "KralilanProject.Services", "KralilanProject.Service\KralilanProject.Services.csproj", "{9C77134E-F15A-49A8-8200-D584915A4359}"
EndProject
Project("{FAE04EC0-301F-11D3-BF4B-00C04F79EFBC}") = "KralilanProject.Entities", "KralilanProject.Entities\KralilanProject.Entities.csproj", "{9EC35E6B-E53D-483F-A7EB-A0B90A558CEF}"
EndProject
Project("{FAE04EC0-301F-11D3-BF4B-00C04F79EFBC}") = "KralilanProject.CrossCuttingConcerns", "KralilanProject.CrossCuttingConcerns\KralilanProject.CrossCuttingConcerns.csproj", "{DCD59A54-CCF3-4DAA-9C4A-3BFC112A9474}"
EndProject
Global
	GlobalSection(SolutionConfigurationPlatforms) = preSolution
		Debug|Any CPU = Debug|Any CPU
		Release|Any CPU = Release|Any CPU
	EndGlobalSection
	GlobalSection(ProjectConfigurationPlatforms) = postSolution
		{A32707C6-4CE5-40FB-8E0B-484DF6AAB005}.Debug|Any CPU.ActiveCfg = Debug|Any CPU
		{A32707C6-4CE5-40FB-8E0B-484DF6AAB005}.Debug|Any CPU.Build.0 = Debug|Any CPU
		{A32707C6-4CE5-40FB-8E0B-484DF6AAB005}.Release|Any CPU.ActiveCfg = Release|Any CPU
		{A32707C6-4CE5-40FB-8E0B-484DF6AAB005}.Release|Any CPU.Build.0 = Release|Any CPU
		{89ECA242-8E93-443D-A342-83C112A54BAD}.Debug|Any CPU.ActiveCfg = Debug|Any CPU
		{89ECA242-8E93-443D-A342-83C112A54BAD}.Debug|Any CPU.Build.0 = Debug|Any CPU
		{89ECA242-8E93-443D-A342-83C112A54BAD}.Release|Any CPU.ActiveCfg = Release|Any CPU
		{89ECA242-8E93-443D-A342-83C112A54BAD}.Release|Any CPU.Build.0 = Release|Any CPU
		{1263822A-E357-4F74-8234-D71262C31EAC}.Debug|Any CPU.ActiveCfg = Debug|Any CPU
		{1263822A-E357-4F74-8234-D71262C31EAC}.Debug|Any CPU.Build.0 = Debug|Any CPU
		{1263822A-E357-4F74-8234-D71262C31EAC}.Release|Any CPU.ActiveCfg = Release|Any CPU
		{1263822A-E357-4F74-8234-D71262C31EAC}.Release|Any CPU.Build.0 = Release|Any CPU
		{3418A3DE-19EA-409D-85CF-3839A7A33F22}.Debug|Any CPU.ActiveCfg = Debug|Any CPU
		{3418A3DE-19EA-409D-85CF-3839A7A33F22}.Debug|Any CPU.Build.0 = Debug|Any CPU
		{3418A3DE-19EA-409D-85CF-3839A7A33F22}.Release|Any CPU.ActiveCfg = Release|Any CPU
		{3418A3DE-19EA-409D-85CF-3839A7A33F22}.Release|Any CPU.Build.0 = Release|Any CPU
		{51E1EDD6-4053-4C35-8E25-DBF966C0968A}.Debug|Any CPU.ActiveCfg = Debug|Any CPU
		{51E1EDD6-4053-4C35-8E25-DBF966C0968A}.Debug|Any CPU.Build.0 = Debug|Any CPU
		{51E1EDD6-4053-4C35-8E25-DBF966C0968A}.Release|Any CPU.ActiveCfg = Release|Any CPU
		{51E1EDD6-4053-4C35-8E25-DBF966C0968A}.Release|Any CPU.Build.0 = Release|Any CPU
		{9C77134E-F15A-49A8-8200-D584915A4359}.Debug|Any CPU.ActiveCfg = Debug|Any CPU
		{9C77134E-F15A-49A8-8200-D584915A4359}.Debug|Any CPU.Build.0 = Debug|Any CPU
		{9C77134E-F15A-49A8-8200-D584915A4359}.Release|Any CPU.ActiveCfg = Release|Any CPU
		{9C77134E-F15A-49A8-8200-D584915A4359}.Release|Any CPU.Build.0 = Release|Any CPU
		{9EC35E6B-E53D-483F-A7EB-A0B90A558CEF}.Debug|Any CPU.ActiveCfg = Debug|Any CPU
		{9EC35E6B-E53D-483F-A7EB-A0B90A558CEF}.Debug|Any CPU.Build.0 = Debug|Any CPU
		{9EC35E6B-E53D-483F-A7EB-A0B90A558CEF}.Release|Any CPU.ActiveCfg = Release|Any CPU
		{9EC35E6B-E53D-483F-A7EB-A0B90A558CEF}.Release|Any CPU.Build.0 = Release|Any CPU
		{DCD59A54-CCF3-4DAA-9C4A-3BFC112A9474}.Debug|Any CPU.ActiveCfg = Debug|Any CPU
		{DCD59A54-CCF3-4DAA-9C4A-3BFC112A9474}.Debug|Any CPU.Build.0 = Debug|Any CPU
		{DCD59A54-CCF3-4DAA-9C4A-3BFC112A9474}.Release|Any CPU.ActiveCfg = Release|Any CPU
		{DCD59A54-CCF3-4DAA-9C4A-3BFC112A9474}.Release|Any CPU.Build.0 = Release|Any CPU
	EndGlobalSection
	GlobalSection(SolutionProperties) = preSolution
		HideSolutionNode = FALSE
	EndGlobalSection
	GlobalSection(ExtensibilityGlobals) = postSolution
		SolutionGuid = {C4CE337D-03A7-4899-A67F-E08B440181F4}
	EndGlobalSection
EndGlobal
